
Microsoft Visual Studio Solution File, Format Version 12.00
# Visual Studio Version 17
VisualStudioVersion = 17.7.34031.279
MinimumVisualStudioVersion = 10.0.40219.1
Project("{888888A0-9F3D-457C-B088-3A5042F75D52}") = "roman_to_integer_conv", "roman_to_integer_conv\roman_to_integer_conv.pyproj", "{677B6875-23D6-4026-A15C-A12E6BA22F78}"
EndProject
Global
	GlobalSection(SolutionConfigurationPlatforms) = preSolution
		Debug|Any CPU = Debug|Any CPU
		Release|Any CPU = Release|Any CPU
	EndGlobalSection
	GlobalSection(ProjectConfigurationPlatforms) = postSolution
		{677B6875-23D6-4026-A15C-A12E6BA22F78}.Debug|Any CPU.ActiveCfg = Debug|Any CPU
		{677B6875-23D6-4026-A15C-A12E6BA22F78}.Release|Any CPU.ActiveCfg = Release|Any CPU
	EndGlobalSection
	GlobalSection(SolutionProperties) = preSolution
		HideSolutionNode = FALSE
	EndGlobalSection
	GlobalSection(ExtensibilityGlobals) = postSolution
		SolutionGuid = {B7966F5C-8886-431B-840A-D13ECC04A627}
	EndGlobalSection
EndGlobal
